
Microsoft Visual Studio Solution File, Format Version 12.00
# Visual Studio Version 17
VisualStudioVersion = 17.7.34024.191
MinimumVisualStudioVersion = 10.0.40219.1
Project("{9A19103F-16F7-4668-BE54-9A1E7A4F7556}") = "CRUD-Operations", "CRUD-Operations.csproj", "{8C6FFB83-13D6-4958-B939-0A450C63584E}"
EndProject
Global
	GlobalSection(SolutionConfigurationPlatforms) = preSolution
		Debug|Any CPU = Debug|Any CPU
		Release|Any CPU = Release|Any CPU
	EndGlobalSection
	GlobalSection(ProjectConfigurationPlatforms) = postSolution
		{8C6FFB83-13D6-4958-B939-0A450C63584E}.Debug|Any CPU.ActiveCfg = Debug|Any CPU
		{8C6FFB83-13D6-4958-B939-0A450C63584E}.Debug|Any CPU.Build.0 = Debug|Any CPU
		{8C6FFB83-13D6-4958-B939-0A450C63584E}.Release|Any CPU.ActiveCfg = Release|Any CPU
		{8C6FFB83-13D6-4958-B939-0A450C63584E}.Release|Any CPU.Build.0 = Release|Any CPU
	EndGlobalSection
	GlobalSection(SolutionProperties) = preSolution
		HideSolutionNode = FALSE
	EndGlobalSection
	GlobalSection(ExtensibilityGlobals) = postSolution
		SolutionGuid = {96D3687F-BE45-45C2-800F-F05F234B958E}
	EndGlobalSection
EndGlobal
